
Microsoft Visual Studio Solution File, Format Version 12.00
# Visual Studio Version 17
VisualStudioVersion = 17.14.36310.24
MinimumVisualStudioVersion = 10.0.40219.1
Project("{8BC9CEB8-8B4A-11D0-8D11-00A0C91BC942}") = "UWPMain", "UWPMain\UWPMain.vcxproj", "{B45BB7E4-C798-415E-B028-3BDD915189CE}"
EndProject
Project("{C7167F0D-BC9F-4E6E-AFE1-012C56B48DB5}") = "Package", "Package\Package.wapproj", "{562B4ACB-592A-435B-8DEB-19F1C2765CFA}"
EndProject
Project("{8BC9CEB8-8B4A-11D0-8D11-00A0C91BC942}") = "ConsoleMain", "ConsoleMain\ConsoleMain.vcxproj", "{6D947E6D-E568-42DC-9FD8-526C9E88B174}"
EndProject
Project("{2150E333-8FDC-42A3-9474-1A3956D46DE8}") = "Solution Items", "Solution Items", "{8EC462FD-D22E-90A8-E5CE-7E832BA40C5D}"
	ProjectSection(SolutionItems) = preProject
		README.md = README.md
	EndProjectSection
EndProject
Global
	GlobalSection(SolutionConfigurationPlatforms) = preSolution
		Debug|Any CPU = Debug|Any CPU
		Debug|ARM = Debug|ARM
		Debug|ARM64 = Debug|ARM64
		Debug|x64 = Debug|x64
		Debug|x86 = Debug|x86
		Release|Any CPU = Release|Any CPU
		Release|ARM = Release|ARM
		Release|ARM64 = Release|ARM64
		Release|x64 = Release|x64
		Release|x86 = Release|x86
	EndGlobalSection
	GlobalSection(ProjectConfigurationPlatforms) = postSolution
		{B45BB7E4-C798-415E-B028-3BDD915189CE}.Debug|Any CPU.ActiveCfg = Debug|x64
		{B45BB7E4-C798-415E-B028-3BDD915189CE}.Debug|Any CPU.Build.0 = Debug|x64
		{B45BB7E4-C798-415E-B028-3BDD915189CE}.Debug|Any CPU.Deploy.0 = Debug|x64
		{B45BB7E4-C798-415E-B028-3BDD915189CE}.Debug|ARM.ActiveCfg = Debug|ARM
		{B45BB7E4-C798-415E-B028-3BDD915189CE}.Debug|ARM.Build.0 = Debug|ARM
		{B45BB7E4-C798-415E-B028-3BDD915189CE}.Debug|ARM.Deploy.0 = Debug|ARM
		{B45BB7E4-C798-415E-B028-3BDD915189CE}.Debug|ARM64.ActiveCfg = Debug|ARM64
		{B45BB7E4-C798-415E-B028-3BDD915189CE}.Debug|ARM64.Build.0 = Debug|ARM64
		{B45BB7E4-C798-415E-B028-3BDD915189CE}.Debug|ARM64.Deploy.0 = Debug|ARM64
		{B45BB7E4-C798-415E-B028-3BDD915189CE}.Debug|x64.ActiveCfg = Debug|x64
		{B45BB7E4-C798-415E-B028-3BDD915189CE}.Debug|x64.Build.0 = Debug|x64
		{B45BB7E4-C798-415E-B028-3BDD915189CE}.Debug|x86.ActiveCfg = Debug|Win32
		{B45BB7E4-C798-415E-B028-3BDD915189CE}.Debug|x86.Build.0 = Debug|Win32
		{B45BB7E4-C798-415E-B028-3BDD915189CE}.Debug|x86.Deploy.0 = Debug|Win32
		{B45BB7E4-C798-415E-B028-3BDD915189CE}.Release|Any CPU.ActiveCfg = Release|x64
		{B45BB7E4-C798-415E-B028-3BDD915189CE}.Release|Any CPU.Build.0 = Release|x64
		{B45BB7E4-C798-415E-B028-3BDD915189CE}.Release|Any CPU.Deploy.0 = Release|x64
		{B45BB7E4-C798-415E-B028-3BDD915189CE}.Release|ARM.ActiveCfg = Release|ARM
		{B45BB7E4-C798-415E-B028-3BDD915189CE}.Release|ARM.Build.0 = Release|ARM
		{B45BB7E4-C798-415E-B028-3BDD915189CE}.Release|ARM.Deploy.0 = Release|ARM
		{B45BB7E4-C798-415E-B028-3BDD915189CE}.Release|ARM64.ActiveCfg = Release|ARM64
		{B45BB7E4-C798-415E-B028-3BDD915189CE}.Release|ARM64.Build.0 = Release|ARM64
		{B45BB7E4-C798-415E-B028-3BDD915189CE}.Release|ARM64.Deploy.0 = Release|ARM64
		{B45BB7E4-C798-415E-B028-3BDD915189CE}.Release|x64.ActiveCfg = Release|x64
		{B45BB7E4-C798-415E-B028-3BDD915189CE}.Release|x64.Build.0 = Release|x64
		{B45BB7E4-C798-415E-B028-3BDD915189CE}.Release|x64.Deploy.0 = Release|x64
		{B45BB7E4-C798-415E-B028-3BDD915189CE}.Release|x86.ActiveCfg = Release|Win32
		{B45BB7E4-C798-415E-B028-3BDD915189CE}.Release|x86.Build.0 = Release|Win32
		{B45BB7E4-C798-415E-B028-3BDD915189CE}.Release|x86.Deploy.0 = Release|Win32
		{562B4ACB-592A-435B-8DEB-19F1C2765CFA}.Debug|Any CPU.ActiveCfg = Debug|Any CPU
		{562B4ACB-592A-435B-8DEB-19F1C2765CFA}.Debug|Any CPU.Build.0 = Debug|Any CPU
		{562B4ACB-592A-435B-8DEB-19F1C2765CFA}.Debug|Any CPU.Deploy.0 = Debug|Any CPU
		{562B4ACB-592A-435B-8DEB-19F1C2765CFA}.Debug|ARM.ActiveCfg = Debug|ARM
		{562B4ACB-592A-435B-8DEB-19F1C2765CFA}.Debug|ARM.Build.0 = Debug|ARM
		{562B4ACB-592A-435B-8DEB-19F1C2765CFA}.Debug|ARM.Deploy.0 = Debug|ARM
		{562B4ACB-592A-435B-8DEB-19F1C2765CFA}.Debug|ARM64.ActiveCfg = Debug|ARM64
		{562B4ACB-592A-435B-8DEB-19F1C2765CFA}.Debug|ARM64.Build.0 = Debug|ARM64
		{562B4ACB-592A-435B-8DEB-19F1C2765CFA}.Debug|ARM64.Deploy.0 = Debug|ARM64
		{562B4ACB-592A-435B-8DEB-19F1C2765CFA}.Debug|x64.ActiveCfg = Debug|x64
		{562B4ACB-592A-435B-8DEB-19F1C2765CFA}.Debug|x64.Build.0 = Debug|x64
		{562B4ACB-592A-435B-8DEB-19F1C2765CFA}.Debug|x64.Deploy.0 = Debug|x64
		{562B4ACB-592A-435B-8DEB-19F1C2765CFA}.Debug|x86.ActiveCfg = Debug|x86
		{562B4ACB-592A-435B-8DEB-19F1C2765CFA}.Debug|x86.Build.0 = Debug|x86
		{562B4ACB-592A-435B-8DEB-19F1C2765CFA}.Debug|x86.Deploy.0 = Debug|x86
		{562B4ACB-592A-435B-8DEB-19F1C2765CFA}.Release|Any CPU.ActiveCfg = Release|Any CPU
		{562B4ACB-592A-435B-8DEB-19F1C2765CFA}.Release|Any CPU.Build.0 = Release|Any CPU
		{562B4ACB-592A-435B-8DEB-19F1C2765CFA}.Release|Any CPU.Deploy.0 = Release|Any CPU
		{562B4ACB-592A-435B-8DEB-19F1C2765CFA}.Release|ARM.ActiveCfg = Release|ARM
		{562B4ACB-592A-435B-8DEB-19F1C2765CFA}.Release|ARM.Build.0 = Release|ARM
		{562B4ACB-592A-435B-8DEB-19F1C2765CFA}.Release|ARM.Deploy.0 = Release|ARM
		{562B4ACB-592A-435B-8DEB-19F1C2765CFA}.Release|ARM64.ActiveCfg = Release|ARM64
		{562B4ACB-592A-435B-8DEB-19F1C2765CFA}.Release|ARM64.Build.0 = Release|ARM64
		{562B4ACB-592A-435B-8DEB-19F1C2765CFA}.Release|ARM64.Deploy.0 = Release|ARM64
		{562B4ACB-592A-435B-8DEB-19F1C2765CFA}.Release|x64.ActiveCfg = Release|x64
		{562B4ACB-592A-435B-8DEB-19F1C2765CFA}.Release|x64.Build.0 = Release|x64
		{562B4ACB-592A-435B-8DEB-19F1C2765CFA}.Release|x64.Deploy.0 = Release|x64
		{562B4ACB-592A-435B-8DEB-19F1C2765CFA}.Release|x86.ActiveCfg = Release|x86
		{562B4ACB-592A-435B-8DEB-19F1C2765CFA}.Release|x86.Build.0 = Release|x86
		{562B4ACB-592A-435B-8DEB-19F1C2765CFA}.Release|x86.Deploy.0 = Release|x86
		{6D947E6D-E568-42DC-9FD8-526C9E88B174}.Debug|Any CPU.ActiveCfg = Debug|x64
		{6D947E6D-E568-42DC-9FD8-526C9E88B174}.Debug|Any CPU.Build.0 = Debug|x64
		{6D947E6D-E568-42DC-9FD8-526C9E88B174}.Debug|ARM.ActiveCfg = Debug|x64
		{6D947E6D-E568-42DC-9FD8-526C9E88B174}.Debug|ARM.Build.0 = Debug|x64
		{6D947E6D-E568-42DC-9FD8-526C9E88B174}.Debug|ARM64.ActiveCfg = Debug|x64
		{6D947E6D-E568-42DC-9FD8-526C9E88B174}.Debug|ARM64.Build.0 = Debug|x64
		{6D947E6D-E568-42DC-9FD8-526C9E88B174}.Debug|x64.ActiveCfg = Debug|x64
		{6D947E6D-E568-42DC-9FD8-526C9E88B174}.Debug|x64.Build.0 = Debug|x64
		{6D947E6D-E568-42DC-9FD8-526C9E88B174}.Debug|x86.ActiveCfg = Debug|Win32
		{6D947E6D-E568-42DC-9FD8-526C9E88B174}.Debug|x86.Build.0 = Debug|Win32
		{6D947E6D-E568-42DC-9FD8-526C9E88B174}.Release|Any CPU.ActiveCfg = Release|x64
		{6D947E6D-E568-42DC-9FD8-526C9E88B174}.Release|Any CPU.Build.0 = Release|x64
		{6D947E6D-E568-42DC-9FD8-526C9E88B174}.Release|ARM.ActiveCfg = Release|x64
		{6D947E6D-E568-42DC-9FD8-526C9E88B174}.Release|ARM.Build.0 = Release|x64
		{6D947E6D-E568-42DC-9FD8-526C9E88B174}.Release|ARM64.ActiveCfg = Release|x64
		{6D947E6D-E568-42DC-9FD8-526C9E88B174}.Release|ARM64.Build.0 = Release|x64
		{6D947E6D-E568-42DC-9FD8-526C9E88B174}.Release|x64.ActiveCfg = Release|x64
		{6D947E6D-E568-42DC-9FD8-526C9E88B174}.Release|x64.Build.0 = Release|x64
		{6D947E6D-E568-42DC-9FD8-526C9E88B174}.Release|x86.ActiveCfg = Release|Win32
		{6D947E6D-E568-42DC-9FD8-526C9E88B174}.Release|x86.Build.0 = Release|Win32
	EndGlobalSection
	GlobalSection(SolutionProperties) = preSolution
		HideSolutionNode = FALSE
	EndGlobalSection
	GlobalSection(ExtensibilityGlobals) = postSolution
		SolutionGuid = {33F53C30-016F-4D19-A4ED-A6CC8FB894F4}
	EndGlobalSection
EndGlobal
